PODS:
  - Alamofire (5.4.3)
  - iamport-ios (1.0.0-dev01):
    - Alamofire (~> 5.1)
    - RxBus (~> 1.3.1)
    - RxCocoa
    - RxOptional
    - RxRelay
    - RxSwift
    - RxViewController
    - Swinject
    - Then
  - RxBlocking (5.1.1):
    - RxSwift (~> 5)
  - RxBus (1.3.1):
    - RxSwift (~> 5.0)
  - RxCocoa (5.1.1):
    - RxRelay (~> 5)
    - RxSwift (~> 5)
  - RxOptional (4.1.0):
    - RxCocoa (~> 5)
    - RxSwift (~> 5)
  - RxRelay (5.1.1):
    - RxSwift (~> 5)
  - RxSwift (5.1.2)
  - RxTest (5.1.2):
    - RxSwift (~> 5)
  - RxViewController (1.0.0):
    - RxCocoa (~> 5.0)
    - RxSwift (~> 5.0)
  - Swinject (2.7.1)
  - Then (2.7.0)

DEPENDENCIES:
  - Alamofire
  - iamport-ios (from `../`)
  - RxBlocking
  - RxCocoa
  - RxOptional
  - RxRelay
  - RxSwift
  - RxTest
  - RxViewController
  - Swinject
  - Then

SPEC REPOS:
  trunk:
    - Alamofire
    - RxBlocking
    - RxBus
    - RxCocoa
    - RxOptional
    - RxRelay
    - RxSwift
    - RxTest
    - RxViewController
    - Swinject
    - Then

EXTERNAL SOURCES:
  iamport-ios:
    :path: "../"

SPEC CHECKSUMS:
  Alamofire: e447a2774a40c996748296fa2c55112fdbbc42f9
  iamport-ios: 15af9fb4d3f77f7320364c0fdf0570d557771fce
  RxBlocking: 5f700a78cad61ce253ebd37c9a39b5ccc76477b4
  RxBus: ee5cb413fe4e0853712144c9ed20705d9e8e03cd
  RxCocoa: 32065309a38d29b5b0db858819b5bf9ef038b601
  RxOptional: b1fcd60856807a564c0215c2184b8d33e7826dc2
  RxRelay: d77f7d771495f43c556cbc43eebd1bb54d01e8e9
  RxSwift: 1e2e1f9570186967f617e49128ed26ccf1bafc8e
  RxTest: 274549b747dca56f47c52c8991ec5cf797ecfe40
  RxViewController: 7330a46e5c31cd680db169da4c9fc8676e975a81
  Swinject: ddf78b8486dd9b71a667b852cad919ab4484478e
  Then: acfe0be7e98221c6204e12f8161459606d5d822d

PODFILE CHECKSUM: 34a399de67a1d89ab471ca844e4474df08425f51

COCOAPODS: 1.10.1
