PODS:
  - Alamofire (5.4.3)
  - iamport-ios (1.1.0):
    - Alamofire (~> 5.1)
    - RxBus
    - RxCocoa
    - RxOptional
    - RxRelay
    - RxSwift
    - RxViewController
    - Swinject
    - Then
  - RxBlocking (6.2.0):
    - RxSwift (= 6.2.0)
  - RxBus (1.0.0):
    - RxSwift
  - RxCocoa (6.2.0):
    - RxRelay (= 6.2.0)
    - RxSwift (= 6.2.0)
  - RxOptional (5.0.2):
    - RxCocoa (~> 6.0)
    - RxSwift (~> 6.0)
  - RxRelay (6.2.0):
    - RxSwift (= 6.2.0)
  - RxSwift (6.2.0)
  - RxTest (6.2.0):
    - RxSwift (= 6.2.0)
  - RxViewController (2.0.0):
    - RxCocoa (~> 6.0)
    - RxSwift (~> 6.0)
  - Swinject (2.8.0)
  - Then (2.7.0)

DEPENDENCIES:
  - Alamofire
  - iamport-ios (from `../`)
  - RxBlocking
  - RxCocoa
  - RxOptional
  - RxRelay
  - RxSwift
  - RxTest
  - RxViewController
  - Swinject
  - Then

SPEC REPOS:
  trunk:
    - Alamofire
    - RxBlocking
    - RxBus
    - RxCocoa
    - RxOptional
    - RxRelay
    - RxSwift
    - RxTest
    - RxViewController
    - Swinject
    - Then

EXTERNAL SOURCES:
  iamport-ios:
    :path: "../"

SPEC CHECKSUMS:
  Alamofire: e447a2774a40c996748296fa2c55112fdbbc42f9
  iamport-ios: fccc0325c64db3bd8d11b902691725f921adde6f
  RxBlocking: 0b29f7d2079109a8de49c411381bed7c33ef1eeb
  RxBus: ab41084293c769c29c81216c76db1fcf1cfa90e0
  RxCocoa: 4baf94bb35f2c0ab31bc0cb9f1900155f646ba42
  RxOptional: 3664964c96b69dd20c9cf78bdfe546615e26eca8
  RxRelay: e72dbfd157807478401ef1982e1c61c945c94b2f
  RxSwift: d356ab7bee873611322f134c5f9ef379fa183d8f
  RxTest: 0c692fa672b694373ba86d2b00033595297a2831
  RxViewController: 56486fa0afd629a1d6b5ba077f3b8cd9dc31b5d2
  Swinject: db795b8d6d78559b25fbebb0170d2635be1176e2
  Then: acfe0be7e98221c6204e12f8161459606d5d822d

PODFILE CHECKSUM: 66bf72cda1c3a610b10239d69f675e8e348c236a

COCOAPODS: 1.10.1
