PODS:
  - Alamofire (5.4.3)
  - RxBlocking (6.2.0):
    - RxSwift (= 6.2.0)
  - RxSwift (6.2.0)
  - RxTest (6.2.0):
    - RxSwift (= 6.2.0)
  - Swinject (2.8.0)
  - Then (2.7.0)

DEPENDENCIES:
  - Alamofire
  - RxBlocking
  - RxTest
  - Swinject
  - Then

SPEC REPOS:
  trunk:
    - Alamofire
    - RxBlocking
    - RxSwift
    - RxTest
    - Swinject
    - Then

SPEC CHECKSUMS:
  Alamofire: e447a2774a40c996748296fa2c55112fdbbc42f9
  RxBlocking: 0b29f7d2079109a8de49c411381bed7c33ef1eeb
  RxSwift: d356ab7bee873611322f134c5f9ef379fa183d8f
  RxTest: 0c692fa672b694373ba86d2b00033595297a2831
  Swinject: db795b8d6d78559b25fbebb0170d2635be1176e2
  Then: acfe0be7e98221c6204e12f8161459606d5d822d

PODFILE CHECKSUM: 146dde37873645c94b7484ab97e8ffb748326d3f

COCOAPODS: 1.11.3
