{
  "object": {
    "pins": [
      {
        "package": "Alamofire",
        "repositoryURL": "https://github.com/Alamofire/Alamofire.git",
        "state": {
          "branch": null,
          "revision": "f455c2975872ccd2d9c81594c658af65716e9b9a",
          "version": "5.9.1"
        }
      },
      {
        "package": "RxSwift",
        "repositoryURL": "https://github.com/ReactiveX/RxSwift.git",
        "state": {
          "branch": null,
          "revision": "c7c7d2cf50a3211fe2843f76869c698e4e417930",
          "version": "6.8.0"
        }
      },
      {
        "package": "SwiftFormat",
        "repositoryURL": "https://github.com/nicklockwood/SwiftFormat",
        "state": {
          "branch": null,
          "revision": "ab6844edb79a7b88dc6320e6cee0a0db7674dac3",
          "version": "0.54.5"
        }
      },
      {
        "package": "Then",
        "repositoryURL": "https://github.com/devxoul/Then.git",
        "state": {
          "branch": null,
          "revision": "e421a7b3440a271834337694e6050133a3958bc7",
          "version": "2.7.0"
        }
      }
    ]
  },
  "version": 1
}
